# This file is autogenerated, do not edit; changes may be undone by the next 'dep ensure'.


[[projects]]
  name = "github.com/apex/log"
  packages = [".","handlers/cli"]
  revision = "0296d6eb16bb28f8a0c55668affcf4876dc269be"
  version = "v1.0.0"

[[projects]]
  name = "github.com/pkg/errors"
  packages = ["."]
  revision = "645ef00459ed84a119197bfb8d8205042c6df63d"
  version = "v0.8.0"

[solve-meta]
  analyzer-name = "dep"
  analyzer-version = 1
  inputs-digest = "52068e885a76b6965b59eaffa9368286eb8f5df82c4cbfe6a35d87a9a147d9e3"
  solver-name = "gps-cdcl"
  solver-version = 1
